
Microsoft Visual Studio Solution File, Format Version 12.00
# Visual Studio Version 17
VisualStudioVersion = 17.8.34309.116
MinimumVisualStudioVersion = 10.0.40219.1
Project("{9A19103F-16F7-4668-BE54-9A1E7A4F7556}") = "API", "API\API.csproj", "{00A4A0B4-0E7F-471E-B128-055EEA854E1A}"
EndProject
Project("{9A19103F-16F7-4668-BE54-9A1E7A4F7556}") = "Domain", "Domain\Domain.csproj", "{47E9D62E-75E2-4CF9-962A-49E3A944B370}"
EndProject
Project("{FAE04EC0-301F-11D3-BF4B-00C04F79EFBC}") = "BLL", "BLL\BLL.csproj", "{15630633-0E77-4374-8DBC-3369E56B509C}"
EndProject
Global
	GlobalSection(SolutionConfigurationPlatforms) = preSolution
		Debug|Any CPU = Debug|Any CPU
		Release|Any CPU = Release|Any CPU
	EndGlobalSection
	GlobalSection(ProjectConfigurationPlatforms) = postSolution
		{00A4A0B4-0E7F-471E-B128-055EEA854E1A}.Debug|Any CPU.ActiveCfg = Debug|Any CPU
		{00A4A0B4-0E7F-471E-B128-055EEA854E1A}.Debug|Any CPU.Build.0 = Debug|Any CPU
		{00A4A0B4-0E7F-471E-B128-055EEA854E1A}.Release|Any CPU.ActiveCfg = Release|Any CPU
		{00A4A0B4-0E7F-471E-B128-055EEA854E1A}.Release|Any CPU.Build.0 = Release|Any CPU
		{47E9D62E-75E2-4CF9-962A-49E3A944B370}.Debug|Any CPU.ActiveCfg = Debug|Any CPU
		{47E9D62E-75E2-4CF9-962A-49E3A944B370}.Debug|Any CPU.Build.0 = Debug|Any CPU
		{47E9D62E-75E2-4CF9-962A-49E3A944B370}.Release|Any CPU.ActiveCfg = Release|Any CPU
		{47E9D62E-75E2-4CF9-962A-49E3A944B370}.Release|Any CPU.Build.0 = Release|Any CPU
		{15630633-0E77-4374-8DBC-3369E56B509C}.Debug|Any CPU.ActiveCfg = Debug|Any CPU
		{15630633-0E77-4374-8DBC-3369E56B509C}.Debug|Any CPU.Build.0 = Debug|Any CPU
		{15630633-0E77-4374-8DBC-3369E56B509C}.Release|Any CPU.ActiveCfg = Release|Any CPU
		{15630633-0E77-4374-8DBC-3369E56B509C}.Release|Any CPU.Build.0 = Release|Any CPU
	EndGlobalSection
	GlobalSection(SolutionProperties) = preSolution
		HideSolutionNode = FALSE
	EndGlobalSection
	GlobalSection(ExtensibilityGlobals) = postSolution
		SolutionGuid = {2384A151-710B-4EA4-91F7-1F575EEB79E9}
	EndGlobalSection
EndGlobal
